{
  "name": "@subactor/uriprocess-ticket-currency-subactor.com-v1",
  "version": "0.1.0",
  "lockfileVersion": 3,
  "requires": true,
  "packages": {
    "": {
      "name": "@subactor/uriprocess-ticket-currency-subactor.com-v1",
      "version": "0.1.0",
      "license": "UNLICENSED",
      "bin": {
        "uriprocess-ticket-currency": "bin.mjs"
      },
      "engines": {
        "node": ">=22"
      }
    }
  }
}
